// !$*UTF8*$!
{
	archiveVersion = 1;
	classes = {
	};
	objectVersion = 46;
	objects = {

/* Begin PBXBuildFile section */
		5F671A1E1EC2E8FA00CCB48E /* AppDelegate.swift in Sources */ = {isa = PBXBuildFile; fileRef = 5F671A1D1EC2E8FA00CCB48E /* AppDelegate.swift */; };
		5F671A201EC2E8FA00CCB48E /* ViewController.swift in Sources */ = {isa = PBXBuildFile; fileRef = 5F671A1F1EC2E8FA00CCB48E /* ViewController.swift */; };
		5F671A221EC2E8FA00CCB48E /* Assets.xcassets in Resources */ = {isa = PBXBuildFile; fileRef = 5F671A211EC2E8FA00CCB48E /* Assets.xcassets */; };
		5F671A251EC2E8FA00CCB48E /* Main.storyboard in Resources */ = {isa = PBXBuildFile; fileRef = 5F671A231EC2E8FA00CCB48E /* Main.storyboard */; };
/* End PBXBuildFile section */

/* Begin PBXFileReference section */
		5F671A1A1EC2E8FA00CCB48E /* DevDocs Mac.app */ = {isa = PBXFileReference; explicitFileType = wrapper.application; includeInIndex = 0; path = "DevDocs Mac.app"; sourceTree = BUILT_PRODUCTS_DIR; };
		5F671A1D1EC2E8FA00CCB48E /* AppDelegate.swift */ = {isa = PBXFileReference; lastKnownFileType = sourcecode.swift; path = AppDelegate.swift; sourceTree = "<group>"; };
		5F671A1F1EC2E8FA00CCB48E /* ViewController.swift */ = {isa = PBXFileReference; lastKnownFileType = sourcecode.swift; path = ViewController.swift; sourceTree = "<group>"; };
		5F671A211EC2E8FA00CCB48E /* Assets.xcassets */ = {isa = PBXFileReference; lastKnownFileType = folder.assetcatalog; path = Assets.xcassets; sourceTree = "<group>"; };
		5F671A241EC2E8FA00CCB48E /* Base */ = {isa = PBXFileReference; lastKnownFileType = file.storyboard; name = Base; path = Base.lproj/Main.storyboard; sourceTree = "<group>"; };
		5F671A261EC2E8FA00CCB48E /* Info.plist */ = {isa = PBXFileReference; lastKnownFileType = text.plist.xml; path = Info.plist; sourceTree = "<group>"; };
/* End PBXFileReference section */

/* Begin PBXFrameworksBuildPhase section */
		5F671A171EC2E8FA00CCB48E /* Frameworks */ = {
			isa = PBXFrameworksBuildPhase;
			buildActionMask = 2147483647;
			files = (
			);
			runOnlyForDeploymentPostprocessing = 0;
		};
/* End PBXFrameworksBuildPhase section */

/* Begin PBXGroup section */
		5F671A111EC2E8FA00CCB48E = {
			isa = PBXGroup;
			children = (
				5F671A1C1EC2E8FA00CCB48E /* DevDocs Mac */,
				5F671A1B1EC2E8FA00CCB48E /* Products */,
			);
			sourceTree = "<group>";
		};
		5F671A1B1EC2E8FA00CCB48E /* Products */ = {
			isa = PBXGroup;
			children = (
				5F671A1A1EC2E8FA00CCB48E /* DevDocs Mac.app */,
			);
			name = Products;
			sourceTree = "<group>";
		};
		5F671A1C1EC2E8FA00CCB48E /* DevDocs Mac */ = {
			isa = PBXGroup;
			children = (
				5F671A1D1EC2E8FA00CCB48E /* AppDelegate.swift */,
				5F671A1F1EC2E8FA00CCB48E /* ViewController.swift */,
				5F671A211EC2E8FA00CCB48E /* Assets.xcassets */,
				5F671A231EC2E8FA00CCB48E /* Main.storyboard */,
				5F671A261EC2E8FA00CCB48E /* Info.plist */,
			);
			path = "DevDocs Mac";
			sourceTree = "<group>";
		};
/* End PBXGroup section */

/* Begin PBXNativeTarget section */
		5F671A191EC2E8FA00CCB48E /* DevDocs Mac */ = {
			isa = PBXNativeTarget;
			buildConfigurationList = 5F671A291EC2E8FA00CCB48E /* Build configuration list for PBXNativeTarget "DevDocs Mac" */;
			buildPhases = (
				5F671A161EC2E8FA00CCB48E /* Sources */,
				5F671A171EC2E8FA00CCB48E /* Frameworks */,
				5F671A181EC2E8FA00CCB48E /* Resources */,
			);
			buildRules = (
			);
			dependencies = (
			);
			name = "DevDocs Mac";
			productName = "DevDocs Mac";
			productReference = 5F671A1A1EC2E8FA00CCB48E /* DevDocs Mac.app */;
			productType = "com.apple.product-type.application";
		};
/* End PBXNativeTarget section */

/* Begin PBXProject section */
		5F671A121EC2E8FA00CCB48E /* Project object */ = {
			isa = PBXProject;
			attributes = {
				LastSwiftUpdateCheck = 0830;
				LastUpgradeCheck = 0830;
				ORGANIZATIONNAME = Technocoder;
				TargetAttributes = {
					5F671A191EC2E8FA00CCB48E = {
						CreatedOnToolsVersion = 8.3.2;
						ProvisioningStyle = Automatic;
					};
				};
			};
			buildConfigurationList = 5F671A151EC2E8FA00CCB48E /* Build configuration list for PBXProject "DevDocs Mac" */;
			compatibilityVersion = "Xcode 3.2";
			developmentRegion = English;
			hasScannedForEncodings = 0;
			knownRegions = (
				en,
				Base,
			);
			mainGroup = 5F671A111EC2E8FA00CCB48E;
			productRefGroup = 5F671A1B1EC2E8FA00CCB48E /* Products */;
			projectDirPath = "";
			projectRoot = "";
			targets = (
				5F671A191EC2E8FA00CCB48E /* DevDocs Mac */,
			);
		};
/* End PBXProject section */

/* Begin PBXResourcesBuildPhase section */
		5F671A181EC2E8FA00CCB48E /* Resources */ = {
			isa = PBXResourcesBuildPhase;
			buildActionMask = 2147483647;
			files = (
				5F671A221EC2E8FA00CCB48E /* Assets.xcassets in Resources */,
				5F671A251EC2E8FA00CCB48E /* Main.storyboard in Resources */,
			);
			runOnlyForDeploymentPostprocessing = 0;
		};
/* End PBXResourcesBuildPhase section */

/* Begin PBXSourcesBuildPhase section */
		5F671A161EC2E8FA00CCB48E /* Sources */ = {
			isa = PBXSourcesBuildPhase;
			buildActionMask = 2147483647;
			files = (
				5F671A201EC2E8FA00CCB48E /* ViewController.swift in Sources */,
				5F671A1E1EC2E8FA00CCB48E /* AppDelegate.swift in Sources */,
			);
			runOnlyForDeploymentPostprocessing = 0;
		};
/* End PBXSourcesBuildPhase section */

/* Begin PBXVariantGroup section */
		5F671A231EC2E8FA00CCB48E /* Main.storyboard */ = {
			isa = PBXVariantGroup;
			children = (
				5F671A241EC2E8FA00CCB48E /* Base */,
			);
			name = Main.storyboard;
			sourceTree = "<group>";
		};
/* End PBXVariantGroup section */

/* Begin XCBuildConfiguration section */
		5F671A271EC2E8FA00CCB48E /* Debug */ = {
			isa = XCBuildConfiguration;
			buildSettings = {
				ALWAYS_SEARCH_USER_PATHS = NO;
				CLANG_ANALYZER_NONNULL = YES;
				CLANG_ANALYZER_NUMBER_OBJECT_CONVERSION = YES_AGGRESSIVE;
				CLANG_CXX_LANGUAGE_STANDARD = "gnu++0x";
				CLANG_CXX_LIBRARY = "libc++";
				CLANG_ENABLE_MODULES = YES;
				CLANG_ENABLE_OBJC_ARC = YES;
				CLANG_WARN_BOOL_CONVERSION = YES;
				CLANG_WARN_CONSTANT_CONVERSION = YES;
				CLANG_WARN_DIRECT_OBJC_ISA_USAGE = YES_ERROR;
				CLANG_WARN_DOCUMENTATION_COMMENTS = YES;
				CLANG_WARN_EMPTY_BODY = YES;
				CLANG_WARN_ENUM_CONVERSION = YES;
				CLANG_WARN_INFINITE_RECURSION = YES;
				CLANG_WARN_INT_CONVERSION = YES;
				CLANG_WARN_OBJC_ROOT_CLASS = YES_ERROR;
				CLANG_WARN_SUSPICIOUS_MOVE = YES;
				CLANG_WARN_UNREACHABLE_CODE = YES;
				CLANG_WARN__DUPLICATE_METHOD_MATCH = YES;
				CODE_SIGN_IDENTITY = "-";
				COPY_PHASE_STRIP = NO;
				DEBUG_INFORMATION_FORMAT = dwarf;
				ENABLE_STRICT_OBJC_MSGSEND = YES;
				ENABLE_TESTABILITY = YES;
				GCC_C_LANGUAGE_STANDARD = gnu99;
				GCC_DYNAMIC_NO_PIC = NO;
				GCC_NO_COMMON_BLOCKS = YES;
				GCC_OPTIMIZATION_LEVEL = 0;
				GCC_PREPROCESSOR_DEFINITIONS = (
					"DEBUG=1",
					"$(inherited)",
				);
				GCC_WARN_64_TO_32_BIT_CONVERSION = YES;
				GCC_WARN_ABOUT_RETURN_TYPE = YES_ERROR;
				GCC_WARN_UNDECLARED_SELECTOR = YES;
				GCC_WARN_UNINITIALIZED_AUTOS = YES_AGGRESSIVE;
				GCC_WARN_UNUSED_FUNCTION = YES;
				GCC_WARN_UNUSED_VARIABLE = YES;
				MACOSX_DEPLOYMENT_TARGET = 10.12;
				MTL_ENABLE_DEBUG_INFO = YES;
				ONLY_ACTIVE_ARCH = YES;
				SDKROOT = macosx;
				SWIFT_ACTIVE_COMPILATION_CONDITIONS = DEBUG;
				SWIFT_OPTIMIZATION_LEVEL = "-Onone";
			};
			name = Debug;
		};
		5F671A281EC2E8FA00CCB48E /* Release */ = {
			isa = XCBuildConfiguration;
			buildSettings = {
				ALWAYS_SEARCH_USER_PATHS = NO;
				CLANG_ANALYZER_NONNULL = YES;
				CLANG_ANALYZER_NUMBER_OBJECT_CONVERSION = YES_AGGRESSIVE;
				CLANG_CXX_LANGUAGE_STANDARD = "gnu++0x";
				CLANG_CXX_LIBRARY = "libc++";
				CLANG_ENABLE_MODULES = YES;
				CLANG_ENABLE_OBJC_ARC = YES;
				CLANG_WARN_BOOL_CONVERSION = YES;
				CLANG_WARN_CONSTANT_CONVERSION = YES;
				CLANG_WARN_DIRECT_OBJC_ISA_USAGE = YES_ERROR;
				CLANG_WARN_DOCUMENTATION_COMMENTS = YES;
				CLANG_WARN_EMPTY_BODY = YES;
				CLANG_WARN_ENUM_CONVERSION = YES;
				CLANG_WARN_INFINITE_RECURSION = YES;
				CLANG_WARN_INT_CONVERSION = YES;
				CLANG_WARN_OBJC_ROOT_CLASS = YES_ERROR;
				CLANG_WARN_SUSPICIOUS_MOVE = YES;
				CLANG_WARN_UNREACHABLE_CODE = YES;
				CLANG_WARN__DUPLICATE_METHOD_MATCH = YES;
				CODE_SIGN_IDENTITY = "-";
				COPY_PHASE_STRIP = NO;
				DEBUG_INFORMATION_FORMAT = "dwarf-with-dsym";
				ENABLE_NS_ASSERTIONS = NO;
				ENABLE_STRICT_OBJC_MSGSEND = YES;
				GCC_C_LANGUAGE_STANDARD = gnu99;
				GCC_NO_COMMON_BLOCKS = YES;
				GCC_WARN_64_TO_32_BIT_CONVERSION = YES;
				GCC_WARN_ABOUT_RETURN_TYPE = YES_ERROR;
				GCC_WARN_UNDECLARED_SELECTOR = YES;
				GCC_WARN_UNINITIALIZED_AUTOS = YES_AGGRESSIVE;
				GCC_WARN_UNUSED_FUNCTION = YES;
				GCC_WARN_UNUSED_VARIABLE = YES;
				MACOSX_DEPLOYMENT_TARGET = 10.12;
				MTL_ENABLE_DEBUG_INFO = NO;
				SDKROOT = macosx;
				SWIFT_OPTIMIZATION_LEVEL = "-Owholemodule";
			};
			name = Release;
		};
		5F671A2A1EC2E8FA00CCB48E /* Debug */ = {
			isa = XCBuildConfiguration;
			buildSettings = {
				ASSETCATALOG_COMPILER_APPICON_NAME = AppIcon;
				COMBINE_HIDPI_IMAGES = YES;
				INFOPLIST_FILE = "DevDocs Mac/Info.plist";
				LD_RUNPATH_SEARCH_PATHS = "$(inherited) @executable_path/../Frameworks";
				PRODUCT_BUNDLE_IDENTIFIER = "me.technocoder.DevDocs-Mac";
				PRODUCT_NAME = "$(TARGET_NAME)";
				SWIFT_VERSION = 3.0;
			};
			name = Debug;
		};
		5F671A2B1EC2E8FA00CCB48E /* Release */ = {
			isa = XCBuildConfiguration;
			buildSettings = {
				ASSETCATALOG_COMPILER_APPICON_NAME = AppIcon;
				COMBINE_HIDPI_IMAGES = YES;
				INFOPLIST_FILE = "DevDocs Mac/Info.plist";
				LD_RUNPATH_SEARCH_PATHS = "$(inherited) @executable_path/../Frameworks";
				PRODUCT_BUNDLE_IDENTIFIER = "me.technocoder.DevDocs-Mac";
				PRODUCT_NAME = "$(TARGET_NAME)";
				SWIFT_VERSION = 3.0;
			};
			name = Release;
		};
/* End XCBuildConfiguration section */

/* Begin XCConfigurationList section */
		5F671A151EC2E8FA00CCB48E /* Build configuration list for PBXProject "DevDocs Mac" */ = {
			isa = XCConfigurationList;
			buildConfigurations = (
				5F671A271EC2E8FA00CCB48E /* Debug */,
				5F671A281EC2E8FA00CCB48E /* Release */,
			);
			defaultConfigurationIsVisible = 0;
			defaultConfigurationName = Release;
		};
		5F671A291EC2E8FA00CCB48E /* Build configuration list for PBXNativeTarget "DevDocs Mac" */ = {
			isa = XCConfigurationList;
			buildConfigurations = (
				5F671A2A1EC2E8FA00CCB48E /* Debug */,
				5F671A2B1EC2E8FA00CCB48E /* Release */,
			);
			defaultConfigurationIsVisible = 0;
			defaultConfigurationName = Release;
		};
/* End XCConfigurationList section */
	};
	rootObject = 5F671A121EC2E8FA00CCB48E /* Project object */;
}
